
Microsoft Visual Studio Solution File, Format Version 12.00
# Visual Studio Version 17
VisualStudioVersion = 17.11.35208.52
MinimumVisualStudioVersion = 10.0.40219.1
Project("{888888A0-9F3D-457C-B088-3A5042F75D52}") = "Conversor de Temperatura", "Conversor de Temperatura\Conversor de Temperatura.pyproj", "{F7000E7E-1DC1-4F10-8D98-3B673927E2D2}"
EndProject
Global
	GlobalSection(SolutionConfigurationPlatforms) = preSolution
		Debug|Any CPU = Debug|Any CPU
		Release|Any CPU = Release|Any CPU
	EndGlobalSection
	GlobalSection(ProjectConfigurationPlatforms) = postSolution
		{F7000E7E-1DC1-4F10-8D98-3B673927E2D2}.Debug|Any CPU.ActiveCfg = Debug|Any CPU
		{F7000E7E-1DC1-4F10-8D98-3B673927E2D2}.Release|Any CPU.ActiveCfg = Release|Any CPU
	EndGlobalSection
	GlobalSection(SolutionProperties) = preSolution
		HideSolutionNode = FALSE
	EndGlobalSection
	GlobalSection(ExtensibilityGlobals) = postSolution
		SolutionGuid = {6E151FC9-DEB6-43B7-84A9-3827FA1D3360}
	EndGlobalSection
EndGlobal
